{
  "name": "@9now/client",
  "version": "0.5.0",
  "lockfileVersion": 1,
  "requires": true,
  "dependencies": {
    "@9now/models": {
      "version": "0.3.0",
      "resolved": "http://172.17.0.2:4873/@9now%2fmodels/-/models-0.3.0.tgz",
      "integrity": "sha512-6oQGkPxxOIHxbCSagyNAleP2wlwbfyk4DGVdcyVTmE+qqL+21ow0v6OJWMsBIKWOxruD7nlMjHtGIm0SlGyUzA==",
      "requires": {
        "@lukekaalim/model": "^2.1.1"
      }
    },
    "@lukekaalim/contract": {
      "version": "2.0.0",
      "resolved": "http://172.17.0.2:4873/@lukekaalim%2fcontract/-/contract-2.0.0.tgz",
      "integrity": "sha512-EozVLtrFfLY8d/TA35L1uAnh7PrOqCnlklt9c9H2qeWupxVIN/0FHVwvgJRXfESq3NIxgpxUhZVMv4+PilQpFw==",
      "dev": true,
      "requires": {
        "@lukekaalim/model": "^2.1.1",
        "@lukekaalim/result": "^1.1.1"
      }
    },
    "@lukekaalim/http-client": {
      "version": "1.2.0",
      "resolved": "http://172.17.0.2:4873/@lukekaalim%2fhttp-client/-/http-client-1.2.0.tgz",
      "integrity": "sha512-HIvg/Z9cqCF3q/6qQaLi5ax2fVgRN9o8r+9/HVbnEV+TIn86rDtlV0lDPASciEERmpMwGOI0aW2Z6KRRVKSuSg==",
      "dev": true,
      "requires": {
        "@lukekaalim/result": "^1.1.1"
      }
    },
    "@lukekaalim/model": {
      "version": "2.1.1",
      "resolved": "http://172.17.0.2:4873/@lukekaalim%2fmodel/-/model-2.1.1.tgz",
      "integrity": "sha512-dHuqk2lmSOEmp7jW8ubwhGkwmBD5eI1rzvEXk5NkYizL++ls261QcjmYXTxPPD0ywl15xu70vpR+uSrai12+6g==",
      "requires": {
        "@lukekaalim/result": "^1.1.1"
      }
    },
    "@lukekaalim/result": {
      "version": "1.1.1",
      "resolved": "http://172.17.0.2:4873/@lukekaalim%2fresult/-/result-1.1.1.tgz",
      "integrity": "sha512-+s5pierClu4IwZta8qGwCUIrcbjff40UdkSZs515aXBO+U0xf6QV+bAhS7iJzKdXXUb10OgxTgaXACb6mOwfMg=="
    }
  }
}
