{
  "name": "@9now/server",
  "version": "1.0.0",
  "lockfileVersion": 1,
  "requires": true,
  "dependencies": {
    "@9now/models": {
      "version": "1.0.2",
      "resolved": "http://172.17.0.2:4873/@9now%2fmodels/-/models-1.0.2.tgz",
      "integrity": "sha512-s5RVXKBLdH54eF9Tg0Ry1QLU9ykLecawhSM2lEYOcEoZhHImtIbMH5hJAhqFRVEhs0q1OIKMXlI3PiWGmO7TWg==",
      "requires": {
        "@lukekaalim/model": "^2.1.1"
      }
    },
    "@aws-sdk/abort-controller": {
      "version": "0.1.0-preview.5",
      "resolved": "http://172.17.0.2:4873/@aws-sdk%2fabort-controller/-/abort-controller-0.1.0-preview.5.tgz",
      "integrity": "sha512-+TqAh6bzof5l+5tOND9YTEJEVeMli518ignGbLlB8CuMMeNPtvjXg6lzf5+XQpNXZ8CCmjqxZ2X5i1mImdJtmw==",
      "requires": {
        "@aws-sdk/types": "^0.1.0-preview.5",
        "tslib": "^1.8.0"
      }
    },
    "@aws-sdk/apply-body-checksum-middleware": {
      "version": "0.1.0-preview.5",
      "resolved": "http://172.17.0.2:4873/@aws-sdk%2fapply-body-checksum-middleware/-/apply-body-checksum-middleware-0.1.0-preview.5.tgz",
      "integrity": "sha512-jSaptiE/JgE6437X5okUyMOw/5gtNCnQsRpIK3eYxbOi4x1F+GbFgpB30mwDh/wClS1bSHl4DoE/pe8Te4d5MQ==",
      "requires": {
        "@aws-sdk/is-array-buffer": "^0.1.0-preview.3",
        "@aws-sdk/types": "^0.1.0-preview.5",
        "tslib": "^1.8.0"
      }
    },
    "@aws-sdk/bucket-endpoint-middleware": {
      "version": "0.1.0-preview.5",
      "resolved": "http://172.17.0.2:4873/@aws-sdk%2fbucket-endpoint-middleware/-/bucket-endpoint-middleware-0.1.0-preview.5.tgz",
      "integrity": "sha512-z6BvmYdXppREN9DweWjvZa7ZthhIVp9ElU3BBSwRcjYLrT/t2t7acYeYUlxR6qj+k01cbDdqPw0qG2iS2bDRKA==",
      "requires": {
        "@aws-sdk/types": "^0.1.0-preview.5",
        "tslib": "^1.8.0"
      }
    },
    "@aws-sdk/client-s3-node": {
      "version": "0.1.0-preview.2",
      "resolved": "http://172.17.0.2:4873/@aws-sdk%2fclient-s3-node/-/client-s3-node-0.1.0-preview.2.tgz",
      "integrity": "sha512-sQj8KnijskzIijl/ETJpoygcN4o0AKBtZtXp6eiJjhLZf1RAX33Bd1QzSgScfElY/XVAMgntzWWvBm8VhUu+cQ==",
      "requires": {
        "@aws-sdk/apply-body-checksum-middleware": "^0.1.0-preview.4",
        "@aws-sdk/bucket-endpoint-middleware": "^0.1.0-preview.4",
        "@aws-sdk/config-resolver": "^0.1.0-preview.4",
        "@aws-sdk/core-handler": "^0.1.0-preview.4",
        "@aws-sdk/credential-provider-node": "^0.1.0-preview.5",
        "@aws-sdk/hash-node": "^0.1.0-preview.4",
        "@aws-sdk/hash-stream-node": "^0.1.0-preview.5",
        "@aws-sdk/location-constraint-middleware": "^0.1.0-preview.4",
        "@aws-sdk/middleware-content-length": "^0.1.0-preview.4",
        "@aws-sdk/middleware-expect-continue": "^0.1.0-preview.4",
        "@aws-sdk/middleware-header-default": "^0.1.0-preview.4",
        "@aws-sdk/middleware-serializer": "^0.1.0-preview.4",
        "@aws-sdk/middleware-stack": "^0.1.0-preview.5",
        "@aws-sdk/node-http-handler": "^0.1.0-preview.5",
        "@aws-sdk/protocol-rest": "^0.1.0-preview.6",
        "@aws-sdk/query-error-unmarshaller": "^0.1.0-preview.5",
        "@aws-sdk/region-provider": "^0.1.0-preview.4",
        "@aws-sdk/retry-middleware": "^0.1.0-preview.4",
        "@aws-sdk/s3-error-unmarshaller": "^0.1.0-preview.2",
        "@aws-sdk/signature-v4": "^0.1.0-preview.5",
        "@aws-sdk/signing-middleware": "^0.1.0-preview.5",
        "@aws-sdk/ssec-middleware": "^0.1.0-preview.4",
        "@aws-sdk/stream-collector-node": "^0.1.0-preview.4",
        "@aws-sdk/types": "^0.1.0-preview.4",
        "@aws-sdk/url-parser-node": "^0.1.0-preview.4",
        "@aws-sdk/util-base64-node": "^0.1.0-preview.2",
        "@aws-sdk/util-body-length-node": "^0.1.0-preview.3",
        "@aws-sdk/util-user-agent-node": "^0.1.0-preview.5",
        "@aws-sdk/util-utf8-node": "^0.1.0-preview.2",
        "@aws-sdk/xml-body-builder": "^0.1.0-preview.4",
        "@aws-sdk/xml-body-parser": "^0.1.0-preview.5",
        "tslib": "^1.8.0"
      }
    },
    "@aws-sdk/config-resolver": {
      "version": "0.1.0-preview.5",
      "resolved": "http://172.17.0.2:4873/@aws-sdk%2fconfig-resolver/-/config-resolver-0.1.0-preview.5.tgz",
      "integrity": "sha512-hwhX4WfKpaW2zeISBo6TYlreN77yuWwYNQ8kVP+8PkWgVHzRp733c6VbxrcVAF35bVAhxQhFqoA9ZKv67OMiiw==",
      "requires": {
        "@aws-sdk/types": "^0.1.0-preview.5",
        "tslib": "^1.8.0"
      }
    },
    "@aws-sdk/core-handler": {
      "version": "0.1.0-preview.5",
      "resolved": "http://172.17.0.2:4873/@aws-sdk%2fcore-handler/-/core-handler-0.1.0-preview.5.tgz",
      "integrity": "sha512-LnfJ9naOAMFh/0J7nZ1puT1H2AHHcFTdITJGAmoaejnmoN1G17IBui8aclZVKPbfnQJKwcK5nMiL5BUxUIxNsA==",
      "requires": {
        "@aws-sdk/types": "^0.1.0-preview.5",
        "tslib": "^1.8.0"
      }
    },
    "@aws-sdk/credential-provider-env": {
      "version": "0.1.0-preview.6",
      "resolved": "http://172.17.0.2:4873/@aws-sdk%2fcredential-provider-env/-/credential-provider-env-0.1.0-preview.6.tgz",
      "integrity": "sha512-x75/fs5mg6RONz5g9fY8jcUjn6tJ9Qfc1RfdNl/FjRza19zc/FGf0p86rt7uq6OF/8s9t0QnvAiH0ii03TFSPw==",
      "requires": {
        "@aws-sdk/property-provider": "^0.1.0-preview.5",
        "@aws-sdk/protocol-timestamp": "^0.1.0-preview.5",
        "@aws-sdk/types": "^0.1.0-preview.5",
        "tslib": "^1.8.0"
      }
    },
    "@aws-sdk/credential-provider-imds": {
      "version": "0.1.0-preview.5",
      "resolved": "http://172.17.0.2:4873/@aws-sdk%2fcredential-provider-imds/-/credential-provider-imds-0.1.0-preview.5.tgz",
      "integrity": "sha512-LSB2YjvVr3XqcvqxEfcRkN6qxXG/N0YrP3XIcb17NmJ5sqLQSDykCdOIONCX44FJ9coHpUXB6P10HtzzAghiNQ==",
      "requires": {
        "@aws-sdk/property-provider": "^0.1.0-preview.5",
        "@aws-sdk/types": "^0.1.0-preview.5",
        "tslib": "^1.8.0"
      }
    },
    "@aws-sdk/credential-provider-ini": {
      "version": "0.1.0-preview.5",
      "resolved": "http://172.17.0.2:4873/@aws-sdk%2fcredential-provider-ini/-/credential-provider-ini-0.1.0-preview.5.tgz",
      "integrity": "sha512-h5YljWR3QDVECJqWs78zKXjg8/zZTV2MYbSMx0UqKwijIWsa6yfH3+G+XLJdkW3ZbvsVo3zsppZixjL59o/t9Q==",
      "requires": {
        "@aws-sdk/property-provider": "^0.1.0-preview.5",
        "@aws-sdk/shared-ini-file-loader": "^0.1.0-preview.3",
        "@aws-sdk/types": "^0.1.0-preview.5",
        "tslib": "^1.8.0"
      }
    },
    "@aws-sdk/credential-provider-node": {
      "version": "0.1.0-preview.7",
      "resolved": "http://172.17.0.2:4873/@aws-sdk%2fcredential-provider-node/-/credential-provider-node-0.1.0-preview.7.tgz",
      "integrity": "sha512-Fjnr8SyfUhWlREOnzpRS/Wk5loqf0L3z1fOP6aCDmViPlAfDzCF83F0EkIqeBqTgVhCu40wysCs31nTrV8pWiw==",
      "requires": {
        "@aws-sdk/credential-provider-env": "^0.1.0-preview.6",
        "@aws-sdk/credential-provider-imds": "^0.1.0-preview.5",
        "@aws-sdk/credential-provider-ini": "^0.1.0-preview.5",
        "@aws-sdk/credential-provider-process": "^0.1.0-preview.3",
        "@aws-sdk/property-provider": "^0.1.0-preview.5",
        "@aws-sdk/types": "^0.1.0-preview.5",
        "tslib": "^1.8.0"
      }
    },
    "@aws-sdk/credential-provider-process": {
      "version": "0.1.0-preview.3",
      "resolved": "http://172.17.0.2:4873/@aws-sdk%2fcredential-provider-process/-/credential-provider-process-0.1.0-preview.3.tgz",
      "integrity": "sha512-HVoWom235BXMFBbVrGI4G1k4V/e0kxAbjKIQm37lvm9rWrRDw/b0+T/TFM8bGoKVHGX89bGWDQa0cFYktSldSg==",
      "requires": {
        "@aws-sdk/credential-provider-ini": "^0.1.0-preview.5",
        "@aws-sdk/property-provider": "^0.1.0-preview.5",
        "@aws-sdk/shared-ini-file-loader": "^0.1.0-preview.3",
        "@aws-sdk/types": "^0.1.0-preview.5",
        "tslib": "^1.8.0"
      }
    },
    "@aws-sdk/hash-node": {
      "version": "0.1.0-preview.6",
      "resolved": "http://172.17.0.2:4873/@aws-sdk%2fhash-node/-/hash-node-0.1.0-preview.6.tgz",
      "integrity": "sha512-XGolfAQrNQzUwsiS24G1q0f/7Puwi7LZFlsGph+llMXt+aD6p9ROYDpRpZjHtL/VSwBWHUQYIv+ZQWrl5wkbig==",
      "requires": {
        "@aws-sdk/types": "^0.1.0-preview.5",
        "@aws-sdk/util-buffer-from": "^0.1.0-preview.3",
        "tslib": "^1.8.0"
      }
    },
    "@aws-sdk/hash-stream-node": {
      "version": "0.1.0-preview.7",
      "resolved": "http://172.17.0.2:4873/@aws-sdk%2fhash-stream-node/-/hash-stream-node-0.1.0-preview.7.tgz",
      "integrity": "sha512-jWm48PEhJ1CcpVbD1SjLUDtlrvcw/ONQ7x3GQ0Vu/reJY0FCgt1DwXoESCLuPrPe6o2ztNiYZid+2u6mES0Peg==",
      "requires": {
        "@aws-sdk/types": "^0.1.0-preview.5",
        "tslib": "^1.8.0"
      }
    },
    "@aws-sdk/is-array-buffer": {
      "version": "0.1.0-preview.3",
      "resolved": "http://172.17.0.2:4873/@aws-sdk%2fis-array-buffer/-/is-array-buffer-0.1.0-preview.3.tgz",
      "integrity": "sha512-8SM7kBGkwH6JCKA6K1w4Jrj+EABFOPQkbPvwaf6BILYiUMUbgJvjOPjNQE2MrvRxJz50WAcZDHnlwhstuwIRnw==",
      "requires": {
        "tslib": "^1.8.0"
      }
    },
    "@aws-sdk/is-iterable": {
      "version": "0.1.0-preview.3",
      "resolved": "http://172.17.0.2:4873/@aws-sdk%2fis-iterable/-/is-iterable-0.1.0-preview.3.tgz",
      "integrity": "sha512-dmqXKd7BlAGAaOz1dvmBw5MeOy/94LOxIRv4i8I76JPyTJsxFKjzJIHeRMnQ/5WJ3/POhmb6ZjBW/GwS/upaFw==",
      "requires": {
        "tslib": "^1.8.0"
      }
    },
    "@aws-sdk/location-constraint-middleware": {
      "version": "0.1.0-preview.5",
      "resolved": "http://172.17.0.2:4873/@aws-sdk%2flocation-constraint-middleware/-/location-constraint-middleware-0.1.0-preview.5.tgz",
      "integrity": "sha512-w6y2vzo5IaUQ6oE7gFvjcCMXyU2+Su6RJ4vOOqUjok+kZ1vgS9nll5FgdWEEWfQRB88dnBnQIuXeIa8DTTLXxg==",
      "requires": {
        "@aws-sdk/types": "^0.1.0-preview.5",
        "tslib": "^1.8.0"
      }
    },
    "@aws-sdk/middleware-content-length": {
      "version": "0.1.0-preview.5",
      "resolved": "http://172.17.0.2:4873/@aws-sdk%2fmiddleware-content-length/-/middleware-content-length-0.1.0-preview.5.tgz",
      "integrity": "sha512-T6IjQRTZyrFlvzYxihZBLsvHQ5EB3aMzXFsz7EcvJOBU9Y6btbG5gKOx7zN5lIsuv5+8+EpEIEA3QqR+PddvJg==",
      "requires": {
        "@aws-sdk/types": "^0.1.0-preview.5",
        "tslib": "^1.8.0"
      }
    },
    "@aws-sdk/middleware-expect-continue": {
      "version": "0.1.0-preview.5",
      "resolved": "http://172.17.0.2:4873/@aws-sdk%2fmiddleware-expect-continue/-/middleware-expect-continue-0.1.0-preview.5.tgz",
      "integrity": "sha512-GJjlPyHoO05lOhQYuTnMA5+uayUQMNNV3zo2ktTiJ5ZyeSsstlBcJo80n1X5HhUi++PkkyC4Mumx+uJeGiTQvg==",
      "requires": {
        "@aws-sdk/middleware-header-default": "^0.1.0-preview.5",
        "@aws-sdk/types": "^0.1.0-preview.5",
        "tslib": "^1.8.0"
      }
    },
    "@aws-sdk/middleware-header-default": {
      "version": "0.1.0-preview.5",
      "resolved": "http://172.17.0.2:4873/@aws-sdk%2fmiddleware-header-default/-/middleware-header-default-0.1.0-preview.5.tgz",
      "integrity": "sha512-l0DYSuOrE/pRS93ziV+a47K78XY3EV5hNfr0mcbxh39c1Xh5MZe+jic1O9FeRfertOXZXCIAuHCnDf0ET/CKGQ==",
      "requires": {
        "@aws-sdk/types": "^0.1.0-preview.5",
        "tslib": "^1.8.0"
      }
    },
    "@aws-sdk/middleware-serializer": {
      "version": "0.1.0-preview.5",
      "resolved": "http://172.17.0.2:4873/@aws-sdk%2fmiddleware-serializer/-/middleware-serializer-0.1.0-preview.5.tgz",
      "integrity": "sha512-iDPNjWmUz81FOj+23BX/6jpCUW/JWfeNWHaQcawa7jhMCcRmnBqHl9mEvQLz8xT0qmZRXcOUPx1/P6Aebi+hoQ==",
      "requires": {
        "@aws-sdk/types": "^0.1.0-preview.5",
        "tslib": "^1.8.0"
      }
    },
    "@aws-sdk/middleware-stack": {
      "version": "0.1.0-preview.6",
      "resolved": "http://172.17.0.2:4873/@aws-sdk%2fmiddleware-stack/-/middleware-stack-0.1.0-preview.6.tgz",
      "integrity": "sha512-Zkj6MkRFS9f+VZye8QZU8Yd2tkv3pCCY1CtRmrDiFQ2fAXAWuMHHJ/aHA8norlVXE7409i+hRLLTRftupYU55Q==",
      "requires": {
        "@aws-sdk/types": "^0.1.0-preview.5",
        "tslib": "^1.8.0"
      }
    },
    "@aws-sdk/node-http-handler": {
      "version": "0.1.0-preview.6",
      "resolved": "http://172.17.0.2:4873/@aws-sdk%2fnode-http-handler/-/node-http-handler-0.1.0-preview.6.tgz",
      "integrity": "sha512-40ZygkGi1YQ1y8weda2sUu+oXiiPfMEjiFRNE8tvT8gUgYnwv6RYECTeDKz7QM/wjVL/6dNOVLWl7tP0iwBGww==",
      "requires": {
        "@aws-sdk/abort-controller": "^0.1.0-preview.5",
        "@aws-sdk/querystring-builder": "^0.1.0-preview.5",
        "@aws-sdk/types": "^0.1.0-preview.5",
        "tslib": "^1.8.0"
      }
    },
    "@aws-sdk/property-provider": {
      "version": "0.1.0-preview.5",
      "resolved": "http://172.17.0.2:4873/@aws-sdk%2fproperty-provider/-/property-provider-0.1.0-preview.5.tgz",
      "integrity": "sha512-1jqqNKbX5GFL/zVrMh+5YOsM4eBlvl46eaFVH+lK6sAUhw3DmigrTvrIb7WPt0ZJYYbzyOM+VL94+kaHItbT4A==",
      "requires": {
        "@aws-sdk/types": "^0.1.0-preview.5",
        "tslib": "^1.8.0"
      }
    },
    "@aws-sdk/protocol-rest": {
      "version": "0.1.0-preview.7",
      "resolved": "http://172.17.0.2:4873/@aws-sdk%2fprotocol-rest/-/protocol-rest-0.1.0-preview.7.tgz",
      "integrity": "sha512-pAhcaiAxhjalp+5P2zLbrqeNKwfbtGhlusCtwui5TP8ogphpATjn2uEAbDBtARv0wBrrNOF/8eNJlt+o4snE0w==",
      "requires": {
        "@aws-sdk/is-array-buffer": "^0.1.0-preview.3",
        "@aws-sdk/is-iterable": "^0.1.0-preview.3",
        "@aws-sdk/protocol-timestamp": "^0.1.0-preview.5",
        "@aws-sdk/response-metadata-extractor": "^0.1.0-preview.6",
        "@aws-sdk/types": "^0.1.0-preview.5",
        "@aws-sdk/util-error-constructor": "^0.1.0-preview.5",
        "@aws-sdk/util-uri-escape": "^0.1.0-preview.3",
        "tslib": "^1.8.0"
      }
    },
    "@aws-sdk/protocol-timestamp": {
      "version": "0.1.0-preview.5",
      "resolved": "http://172.17.0.2:4873/@aws-sdk%2fprotocol-timestamp/-/protocol-timestamp-0.1.0-preview.5.tgz",
      "integrity": "sha512-HYbENtsxUlkyxf5tpD/5HI4MlsRvjhhMW08SsUdD+EApNyITGItPaDhK335D4ijjpLQCSHvUgA0rl+IRr1WawA==",
      "requires": {
        "@aws-sdk/types": "^0.1.0-preview.5",
        "tslib": "^1.8.0"
      }
    },
    "@aws-sdk/query-error-unmarshaller": {
      "version": "0.1.0-preview.6",
      "resolved": "http://172.17.0.2:4873/@aws-sdk%2fquery-error-unmarshaller/-/query-error-unmarshaller-0.1.0-preview.6.tgz",
      "integrity": "sha512-9OJbYYh4sCYMJQusQlmaoKGoz2Cg11cpOlauhmqkafzCHU8YsDHkCgqrlbIW4EvNyO29eWeblvYHdH7iJYSb/A==",
      "requires": {
        "@aws-sdk/response-metadata-extractor": "^0.1.0-preview.6",
        "@aws-sdk/types": "^0.1.0-preview.5",
        "@aws-sdk/util-error-constructor": "^0.1.0-preview.5",
        "tslib": "^1.8.0"
      }
    },
    "@aws-sdk/querystring-builder": {
      "version": "0.1.0-preview.5",
      "resolved": "http://172.17.0.2:4873/@aws-sdk%2fquerystring-builder/-/querystring-builder-0.1.0-preview.5.tgz",
      "integrity": "sha512-ZwA7m2E0GfO0sEqinear8B/oZ3QyHLgPST6JLhwPYnpzB/ZzYPktp+aF/RCZ6S9OEeIC61L7lmwNsLTRFuOrDQ==",
      "requires": {
        "@aws-sdk/types": "^0.1.0-preview.5",
        "@aws-sdk/util-uri-escape": "^0.1.0-preview.3",
        "tslib": "^1.8.0"
      }
    },
    "@aws-sdk/querystring-parser": {
      "version": "0.1.0-preview.5",
      "resolved": "http://172.17.0.2:4873/@aws-sdk%2fquerystring-parser/-/querystring-parser-0.1.0-preview.5.tgz",
      "integrity": "sha512-dKuGB/BsaCQaCYraOQf9B7UZyd35Q3+QJEG45cmOs719wb07YTR4fd/mtsPBhle6RYi0NGVmIhsO2VGlAYRfBw==",
      "requires": {
        "@aws-sdk/types": "^0.1.0-preview.5",
        "tslib": "^1.8.0"
      }
    },
    "@aws-sdk/region-provider": {
      "version": "0.1.0-preview.5",
      "resolved": "http://172.17.0.2:4873/@aws-sdk%2fregion-provider/-/region-provider-0.1.0-preview.5.tgz",
      "integrity": "sha512-CkZWBvUi0NT4JQ1AiikTe4cck4PSks+beL4bEDwsUpEHO0OxP9d4Nr/eP0o3FB3+eJIwkDqMKYskhdVFcZ+AlA==",
      "requires": {
        "@aws-sdk/property-provider": "^0.1.0-preview.5",
        "@aws-sdk/shared-ini-file-loader": "^0.1.0-preview.3",
        "@aws-sdk/types": "^0.1.0-preview.5",
        "tslib": "^1.8.0"
      }
    },
    "@aws-sdk/response-metadata-extractor": {
      "version": "0.1.0-preview.6",
      "resolved": "http://172.17.0.2:4873/@aws-sdk%2fresponse-metadata-extractor/-/response-metadata-extractor-0.1.0-preview.6.tgz",
      "integrity": "sha512-p4d9jf7Oe6UwbJcwDw2Z0N3ZDCkWsoAnET+qwEcymeHBlx5nj0AM+Kc0hXKnWUiDsmftQKfJCwQ53WLb2fTo+Q==",
      "requires": {
        "@aws-sdk/types": "^0.1.0-preview.5",
        "tslib": "^1.8.0"
      }
    },
    "@aws-sdk/retry-middleware": {
      "version": "0.1.0-preview.5",
      "resolved": "http://172.17.0.2:4873/@aws-sdk%2fretry-middleware/-/retry-middleware-0.1.0-preview.5.tgz",
      "integrity": "sha512-bxsY5LlUqrzqrGIJBDLjasiBzBzib+1fSLg6MR4DrYd9WmilnNKR+lmf592+enaR2K1DNdvmkfJz3CKl9HMZIg==",
      "requires": {
        "@aws-sdk/service-error-classification": "^0.1.0-preview.3",
        "@aws-sdk/types": "^0.1.0-preview.5",
        "tslib": "^1.8.0"
      }
    },
    "@aws-sdk/s3-error-unmarshaller": {
      "version": "0.1.0-preview.2",
      "resolved": "http://172.17.0.2:4873/@aws-sdk%2fs3-error-unmarshaller/-/s3-error-unmarshaller-0.1.0-preview.2.tgz",
      "integrity": "sha512-3A6FUzFwGe34+1l8daxXaiTymZmb1LvVXNM+aapfJqRCM80vfbTEf+pzefIHCJAOhTCaSyhtkrs07iOpj3L1nw==",
      "requires": {
        "@aws-sdk/response-metadata-extractor": "^0.1.0-preview.5",
        "@aws-sdk/types": "^0.1.0-preview.4",
        "@aws-sdk/util-error-constructor": "^0.1.0-preview.4",
        "tslib": "^1.8.0"
      }
    },
    "@aws-sdk/service-error-classification": {
      "version": "0.1.0-preview.3",
      "resolved": "http://172.17.0.2:4873/@aws-sdk%2fservice-error-classification/-/service-error-classification-0.1.0-preview.3.tgz",
      "integrity": "sha512-3TXwADJL+HGOWyqdwx+pOdwr8L8LGbdxwHR0D05PP3skY+TP34F3ye2DJlyCll4S9vYzf9GlSbwJWviN9Sujrw=="
    },
    "@aws-sdk/shared-ini-file-loader": {
      "version": "0.1.0-preview.3",
      "resolved": "http://172.17.0.2:4873/@aws-sdk%2fshared-ini-file-loader/-/shared-ini-file-loader-0.1.0-preview.3.tgz",
      "integrity": "sha512-1wuV2YpZm+sW4AZa7CBD3A3b7+vSHX0DWBgGaENYdqC+MUEl6lD57ZOUGLryPq5xv/tQfy8BC7QT+qDNHElcuw==",
      "requires": {
        "tslib": "^1.8.0"
      }
    },
    "@aws-sdk/signature-v4": {
      "version": "0.1.0-preview.7",
      "resolved": "http://172.17.0.2:4873/@aws-sdk%2fsignature-v4/-/signature-v4-0.1.0-preview.7.tgz",
      "integrity": "sha512-lVi1dJKEjKhNv88Ouo3UaZIintSHcaWGozI4JDwjGjaSsAg1WkkRS72Te6ur1+owJ0oHTcaXwzfQRjgX/qqTjA==",
      "requires": {
        "@aws-sdk/is-array-buffer": "^0.1.0-preview.3",
        "@aws-sdk/protocol-timestamp": "^0.1.0-preview.5",
        "@aws-sdk/types": "^0.1.0-preview.5",
        "@aws-sdk/util-hex-encoding": "^0.1.0-preview.3",
        "tslib": "^1.8.0"
      }
    },
    "@aws-sdk/signing-middleware": {
      "version": "0.1.0-preview.7",
      "resolved": "http://172.17.0.2:4873/@aws-sdk%2fsigning-middleware/-/signing-middleware-0.1.0-preview.7.tgz",
      "integrity": "sha512-tmQcI3tdVMdxdOR8o17fHEyMRGepe8tEL+TPnvnD7TX0c8tkxZ+bHxRV9KU+s0DW+b2rWe7l+E1ytgS1tY04UA==",
      "requires": {
        "@aws-sdk/signature-v4": "^0.1.0-preview.7",
        "@aws-sdk/types": "^0.1.0-preview.5",
        "tslib": "^1.8.0"
      }
    },
    "@aws-sdk/ssec-middleware": {
      "version": "0.1.0-preview.5",
      "resolved": "http://172.17.0.2:4873/@aws-sdk%2fssec-middleware/-/ssec-middleware-0.1.0-preview.5.tgz",
      "integrity": "sha512-x5Yy7Di+6BBmD3vMiq8irsAmSqVQdCNuK2Ka41PmmuYIf4MjZaTUkXnknXbnCCkkUyoUYrri/CQyUTqLksw19A==",
      "requires": {
        "@aws-sdk/types": "^0.1.0-preview.5",
        "tslib": "^1.8.0"
      }
    },
    "@aws-sdk/stream-collector-node": {
      "version": "0.1.0-preview.6",
      "resolved": "http://172.17.0.2:4873/@aws-sdk%2fstream-collector-node/-/stream-collector-node-0.1.0-preview.6.tgz",
      "integrity": "sha512-cmQfUMrBlm/vPXc9FpDyvI2n9MRgendGlQj9iSyR/DxmcNrf/yJoedSbfj7KzyfwFXmD2RB43rTgMoeXkYzpVQ==",
      "requires": {
        "@aws-sdk/types": "^0.1.0-preview.5",
        "tslib": "^1.8.0"
      }
    },
    "@aws-sdk/types": {
      "version": "0.1.0-preview.5",
      "resolved": "http://172.17.0.2:4873/@aws-sdk%2ftypes/-/types-0.1.0-preview.5.tgz",
      "integrity": "sha512-U5YNVOtAOsilZrszHWr+fdAwXgOccbVbnXG9gq1nIOOVv89zn3SAj7x/E5QrbcAhKPtJedXvk17i6DCcJlPxhg=="
    },
    "@aws-sdk/url-parser-node": {
      "version": "0.1.0-preview.6",
      "resolved": "http://172.17.0.2:4873/@aws-sdk%2furl-parser-node/-/url-parser-node-0.1.0-preview.6.tgz",
      "integrity": "sha512-82d4bNcOUbHkrjX+dRvWnAsxoU5Ff+rstZHY2JWz2AgLXz+dlvurvmTewoPEb6ANmq3zQSqmHHXGzPFbjFt9SQ==",
      "requires": {
        "@aws-sdk/querystring-parser": "^0.1.0-preview.5",
        "@aws-sdk/types": "^0.1.0-preview.5",
        "tslib": "^1.8.0"
      }
    },
    "@aws-sdk/util-base64-node": {
      "version": "0.1.0-preview.4",
      "resolved": "http://172.17.0.2:4873/@aws-sdk%2futil-base64-node/-/util-base64-node-0.1.0-preview.4.tgz",
      "integrity": "sha512-L9O3lMWB7y2xVIgg/nSJ7xZLVFmxMCk1maaup3CoL5USLqB7n7ngpf/WAH2LyhaGo8Og8TrAKt4BizpxbZU7wg==",
      "requires": {
        "@aws-sdk/util-buffer-from": "^0.1.0-preview.3",
        "tslib": "^1.8.0"
      }
    },
    "@aws-sdk/util-body-length-node": {
      "version": "0.1.0-preview.5",
      "resolved": "http://172.17.0.2:4873/@aws-sdk%2futil-body-length-node/-/util-body-length-node-0.1.0-preview.5.tgz",
      "integrity": "sha512-ZmqB7E/RizTe8ajxLyXdshoyzQg47CAkbnCK7yRE4A9N7XMEUgzyFVXuKT08DmbAwYSYWI5jaUwm3jpMKqG+bw==",
      "requires": {
        "tslib": "^1.8.0"
      }
    },
    "@aws-sdk/util-buffer-from": {
      "version": "0.1.0-preview.3",
      "resolved": "http://172.17.0.2:4873/@aws-sdk%2futil-buffer-from/-/util-buffer-from-0.1.0-preview.3.tgz",
      "integrity": "sha512-n78cUmI1SbluJgTgyqp24GgNQ3A5NUGB4rwRAoID7k7JpsiNJUWTXkijl3hxfNov2sEjMWvdQIGvAF6F/Q2mfw==",
      "requires": {
        "@aws-sdk/is-array-buffer": "^0.1.0-preview.3",
        "tslib": "^1.8.0"
      }
    },
    "@aws-sdk/util-error-constructor": {
      "version": "0.1.0-preview.5",
      "resolved": "http://172.17.0.2:4873/@aws-sdk%2futil-error-constructor/-/util-error-constructor-0.1.0-preview.5.tgz",
      "integrity": "sha512-VT3DatjCLv5fkm8Q7Xslt50mN5ksWUminWzBv3bte2RWIG+zM8JfuO1UeswAjARe4b6N+UgpOVEjLLfE4MMbmQ==",
      "requires": {
        "@aws-sdk/types": "^0.1.0-preview.5",
        "tslib": "^1.8.0"
      }
    },
    "@aws-sdk/util-hex-encoding": {
      "version": "0.1.0-preview.3",
      "resolved": "http://172.17.0.2:4873/@aws-sdk%2futil-hex-encoding/-/util-hex-encoding-0.1.0-preview.3.tgz",
      "integrity": "sha512-X/Qq5e2H4/EQ0WEwWUiSxGbFARk7IKZpa+E4pzQm49sxS2omVsvuphcr4yYJq4SZKEtuB2w2nHMr7NmGlWt4Xg==",
      "requires": {
        "tslib": "^1.8.0"
      }
    },
    "@aws-sdk/util-uri-escape": {
      "version": "0.1.0-preview.3",
      "resolved": "http://172.17.0.2:4873/@aws-sdk%2futil-uri-escape/-/util-uri-escape-0.1.0-preview.3.tgz",
      "integrity": "sha512-axArIOq8+2PKjY9Fz+LKfCY127rjWQD50F1DAhCC0BV3mrG0OlhcQ8uKaNfMXVrveTqT+QYvrpTsrziHYjjTQw==",
      "requires": {
        "tslib": "^1.8.0"
      }
    },
    "@aws-sdk/util-user-agent-node": {
      "version": "0.1.0-preview.7",
      "resolved": "http://172.17.0.2:4873/@aws-sdk%2futil-user-agent-node/-/util-user-agent-node-0.1.0-preview.7.tgz",
      "integrity": "sha512-28mZIA6BFB3vSmmbsfarTzixFBebthOQMcfUp7jfDVOgSCyhrB7JgYkKc6u/pupVM+ppvOaZxcSs5cDsqI5KwQ==",
      "requires": {
        "@aws-sdk/types": "^0.1.0-preview.5",
        "tslib": "^1.8.0"
      }
    },
    "@aws-sdk/util-utf8-node": {
      "version": "0.1.0-preview.4",
      "resolved": "http://172.17.0.2:4873/@aws-sdk%2futil-utf8-node/-/util-utf8-node-0.1.0-preview.4.tgz",
      "integrity": "sha512-FxIWpC4LdKiJgJgiaLWMdZY/DbreSIRgVGO9cOlV5fI59KdN+2Aqb6sLnlp7yVbo2hiL0Hlcv7fcf4MEtELn0g==",
      "requires": {
        "@aws-sdk/util-buffer-from": "^0.1.0-preview.3",
        "tslib": "^1.8.0"
      }
    },
    "@aws-sdk/xml-body-builder": {
      "version": "0.1.0-preview.5",
      "resolved": "http://172.17.0.2:4873/@aws-sdk%2fxml-body-builder/-/xml-body-builder-0.1.0-preview.5.tgz",
      "integrity": "sha512-aZ8koCRV3+bgZjcFK2ixzB3y38/TMI6qsHCEYenYIY8UbLDNJNwr6xIFKlwdSgdANcTWBuScfjg2FdBa/K9SJQ==",
      "requires": {
        "@aws-sdk/is-iterable": "^0.1.0-preview.3",
        "@aws-sdk/protocol-timestamp": "^0.1.0-preview.5",
        "@aws-sdk/types": "^0.1.0-preview.5",
        "@aws-sdk/xml-builder": "^0.1.0-preview.3",
        "tslib": "^1.8.0"
      }
    },
    "@aws-sdk/xml-body-parser": {
      "version": "0.1.0-preview.6",
      "resolved": "http://172.17.0.2:4873/@aws-sdk%2fxml-body-parser/-/xml-body-parser-0.1.0-preview.6.tgz",
      "integrity": "sha512-6quo9AqyUfsnE9+TwlgU5X5EZAXeAIm8D+QPhzerk4KrfDtJrV6WFpE+hkj1L3STC6n3U1M5jMhsYW8Qs3RsvA==",
      "requires": {
        "@aws-sdk/protocol-timestamp": "^0.1.0-preview.5",
        "@aws-sdk/types": "^0.1.0-preview.5",
        "tslib": "^1.8.0"
      }
    },
    "@aws-sdk/xml-builder": {
      "version": "0.1.0-preview.3",
      "resolved": "http://172.17.0.2:4873/@aws-sdk%2fxml-builder/-/xml-builder-0.1.0-preview.3.tgz",
      "integrity": "sha512-TwahSQDyO0yjiY2GXSDw2f4FP6lgj8LaR/MtmjAHZeP6M8dw5ma08R2pLI5CV+paNIACnnnmRuSW2Dmj0c/jOQ==",
      "requires": {
        "tslib": "^1.8.0"
      }
    },
    "@lukekaalim/model": {
      "version": "2.1.1",
      "resolved": "http://172.17.0.2:4873/@lukekaalim%2fmodel/-/model-2.1.1.tgz",
      "integrity": "sha512-dHuqk2lmSOEmp7jW8ubwhGkwmBD5eI1rzvEXk5NkYizL++ls261QcjmYXTxPPD0ywl15xu70vpR+uSrai12+6g==",
      "requires": {
        "@lukekaalim/result": "^1.1.1"
      }
    },
    "@lukekaalim/result": {
      "version": "1.1.1",
      "resolved": "http://172.17.0.2:4873/@lukekaalim%2fresult/-/result-1.1.1.tgz",
      "integrity": "sha512-+s5pierClu4IwZta8qGwCUIrcbjff40UdkSZs515aXBO+U0xf6QV+bAhS7iJzKdXXUb10OgxTgaXACb6mOwfMg=="
    },
    "@lukekaalim/server": {
      "version": "4.1.0",
      "resolved": "http://172.17.0.2:4873/@lukekaalim%2fserver/-/server-4.1.0.tgz",
      "integrity": "sha512-rUWPIDaOgSUVLjQSKqdA7wweyXDDlbPEx5SzM5Ij4MgF4R/BVMR1i/1/lIXLkzDnlGkQy6FT4Nbn4rH1M7W9dA=="
    },
    "tslib": {
      "version": "1.10.0",
      "resolved": "http://172.17.0.2:4873/tslib/-/tslib-1.10.0.tgz",
      "integrity": "sha512-qOebF53frne81cf0S9B41ByenJ3/IuH8yJKngAX35CmiZySA0khhkovshKK+jGCaMnVomla7gVlIcc3EvKPbTQ=="
    }
  }
}
