{
  "name": "@9now/models",
  "version": "1.0.2",
  "lockfileVersion": 1,
  "requires": true,
  "dependencies": {
    "@lukekaalim/model": {
      "version": "2.1.1",
      "resolved": "http://npm.9msn.net:4873/@lukekaalim%2fmodel/-/model-2.1.1.tgz",
      "integrity": "sha512-dHuqk2lmSOEmp7jW8ubwhGkwmBD5eI1rzvEXk5NkYizL++ls261QcjmYXTxPPD0ywl15xu70vpR+uSrai12+6g==",
      "requires": {
        "@lukekaalim/result": "^1.1.1"
      }
    },
    "@lukekaalim/result": {
      "version": "1.1.1",
      "resolved": "http://npm.9msn.net:4873/@lukekaalim%2fresult/-/result-1.1.1.tgz",
      "integrity": "sha512-+s5pierClu4IwZta8qGwCUIrcbjff40UdkSZs515aXBO+U0xf6QV+bAhS7iJzKdXXUb10OgxTgaXACb6mOwfMg=="
    }
  }
}
